
Microsoft Visual Studio Solution File, Format Version 12.00
# Visual Studio Version 17
VisualStudioVersion = 17.8.34408.163
MinimumVisualStudioVersion = 10.0.40219.1
Project("{2150E333-8FDC-42A3-9474-1A3956D46DE8}") = "Presentation", "Presentation", "{7F4D2D62-A45B-4016-B057-0E5E9CC7E7DD}"
EndProject
Project("{2150E333-8FDC-42A3-9474-1A3956D46DE8}") = "Domain", "Domain", "{877E435E-D040-45D6-99CB-A54CCF124D8B}"
EndProject
Project("{9A19103F-16F7-4668-BE54-9A1E7A4F7556}") = "Domain", "Domain\Domain.csproj", "{D7038DBF-94D7-44E3-A09F-C00FE4302F84}"
EndProject
Project("{2150E333-8FDC-42A3-9474-1A3956D46DE8}") = "Applicacion", "Applicacion", "{6A6B98A5-04E1-49AE-A4EF-BF2EFE5F0983}"
EndProject
Project("{9A19103F-16F7-4668-BE54-9A1E7A4F7556}") = "Application", "Application\Application.csproj", "{5FEEB46F-1C13-4AB4-89B0-0DFFF9371A31}"
EndProject
Project("{2150E333-8FDC-42A3-9474-1A3956D46DE8}") = "Infrastructure", "Infrastructure", "{1F5B485B-BF68-4AEF-BB0A-2494D8D8EC00}"
EndProject
Project("{2150E333-8FDC-42A3-9474-1A3956D46DE8}") = "src", "src", "{107F0FD9-D227-4787-875D-18F684A76392}"
EndProject
Project("{9A19103F-16F7-4668-BE54-9A1E7A4F7556}") = "MongoInfrastructure", "MongoInfrastructure\MongoInfrastructure.csproj", "{E8B99CFB-D37E-4F7A-83E9-27CEA4BDA130}"
EndProject
Project("{9A19103F-16F7-4668-BE54-9A1E7A4F7556}") = "CoredbInfrastructure", "CoredbInfrastructure\CoredbInfrastructure.csproj", "{42D7129B-46D1-453D-ABED-DCB26319D5E1}"
EndProject
Project("{9A19103F-16F7-4668-BE54-9A1E7A4F7556}") = "CustomerAgreement", "CustomerAgreement\CustomerAgreement.csproj", "{F80B9DC1-8081-4CED-84CE-91C2E2D1AA63}"
EndProject
Project("{FAE04EC0-301F-11D3-BF4B-00C04F79EFBC}") = "HangfireService", "HangfireService\HangfireService.csproj", "{1770AEB6-1F6D-4A41-A788-D954535FA0B8}"
EndProject
Project("{FAE04EC0-301F-11D3-BF4B-00C04F79EFBC}") = "ExtractDatabaseInfrastructure", "ExtractDatabaseInfrastructure\ExtractDatabaseInfrastructure.csproj", "{A28AC5A7-72D5-4357-87A6-141EF0257297}"
EndProject
Global
	GlobalSection(SolutionConfigurationPlatforms) = preSolution
		Debug|Any CPU = Debug|Any CPU
		Release|Any CPU = Release|Any CPU
	EndGlobalSection
	GlobalSection(ProjectConfigurationPlatforms) = postSolution
		{D7038DBF-94D7-44E3-A09F-C00FE4302F84}.Debug|Any CPU.ActiveCfg = Debug|Any CPU
		{D7038DBF-94D7-44E3-A09F-C00FE4302F84}.Debug|Any CPU.Build.0 = Debug|Any CPU
		{D7038DBF-94D7-44E3-A09F-C00FE4302F84}.Release|Any CPU.ActiveCfg = Release|Any CPU
		{D7038DBF-94D7-44E3-A09F-C00FE4302F84}.Release|Any CPU.Build.0 = Release|Any CPU
		{5FEEB46F-1C13-4AB4-89B0-0DFFF9371A31}.Debug|Any CPU.ActiveCfg = Debug|Any CPU
		{5FEEB46F-1C13-4AB4-89B0-0DFFF9371A31}.Debug|Any CPU.Build.0 = Debug|Any CPU
		{5FEEB46F-1C13-4AB4-89B0-0DFFF9371A31}.Release|Any CPU.ActiveCfg = Release|Any CPU
		{5FEEB46F-1C13-4AB4-89B0-0DFFF9371A31}.Release|Any CPU.Build.0 = Release|Any CPU
		{E8B99CFB-D37E-4F7A-83E9-27CEA4BDA130}.Debug|Any CPU.ActiveCfg = Debug|Any CPU
		{E8B99CFB-D37E-4F7A-83E9-27CEA4BDA130}.Debug|Any CPU.Build.0 = Debug|Any CPU
		{E8B99CFB-D37E-4F7A-83E9-27CEA4BDA130}.Release|Any CPU.ActiveCfg = Release|Any CPU
		{E8B99CFB-D37E-4F7A-83E9-27CEA4BDA130}.Release|Any CPU.Build.0 = Release|Any CPU
		{42D7129B-46D1-453D-ABED-DCB26319D5E1}.Debug|Any CPU.ActiveCfg = Debug|Any CPU
		{42D7129B-46D1-453D-ABED-DCB26319D5E1}.Debug|Any CPU.Build.0 = Debug|Any CPU
		{42D7129B-46D1-453D-ABED-DCB26319D5E1}.Release|Any CPU.ActiveCfg = Release|Any CPU
		{42D7129B-46D1-453D-ABED-DCB26319D5E1}.Release|Any CPU.Build.0 = Release|Any CPU
		{F80B9DC1-8081-4CED-84CE-91C2E2D1AA63}.Debug|Any CPU.ActiveCfg = Debug|Any CPU
		{F80B9DC1-8081-4CED-84CE-91C2E2D1AA63}.Debug|Any CPU.Build.0 = Debug|Any CPU
		{F80B9DC1-8081-4CED-84CE-91C2E2D1AA63}.Release|Any CPU.ActiveCfg = Release|Any CPU
		{F80B9DC1-8081-4CED-84CE-91C2E2D1AA63}.Release|Any CPU.Build.0 = Release|Any CPU
		{1770AEB6-1F6D-4A41-A788-D954535FA0B8}.Debug|Any CPU.ActiveCfg = Debug|Any CPU
		{1770AEB6-1F6D-4A41-A788-D954535FA0B8}.Debug|Any CPU.Build.0 = Debug|Any CPU
		{1770AEB6-1F6D-4A41-A788-D954535FA0B8}.Release|Any CPU.ActiveCfg = Release|Any CPU
		{1770AEB6-1F6D-4A41-A788-D954535FA0B8}.Release|Any CPU.Build.0 = Release|Any CPU
		{A28AC5A7-72D5-4357-87A6-141EF0257297}.Debug|Any CPU.ActiveCfg = Debug|Any CPU
		{A28AC5A7-72D5-4357-87A6-141EF0257297}.Debug|Any CPU.Build.0 = Debug|Any CPU
		{A28AC5A7-72D5-4357-87A6-141EF0257297}.Release|Any CPU.ActiveCfg = Release|Any CPU
		{A28AC5A7-72D5-4357-87A6-141EF0257297}.Release|Any CPU.Build.0 = Release|Any CPU
	EndGlobalSection
	GlobalSection(SolutionProperties) = preSolution
		HideSolutionNode = FALSE
	EndGlobalSection
	GlobalSection(NestedProjects) = preSolution
		{7F4D2D62-A45B-4016-B057-0E5E9CC7E7DD} = {107F0FD9-D227-4787-875D-18F684A76392}
		{877E435E-D040-45D6-99CB-A54CCF124D8B} = {107F0FD9-D227-4787-875D-18F684A76392}
		{D7038DBF-94D7-44E3-A09F-C00FE4302F84} = {877E435E-D040-45D6-99CB-A54CCF124D8B}
		{6A6B98A5-04E1-49AE-A4EF-BF2EFE5F0983} = {107F0FD9-D227-4787-875D-18F684A76392}
		{5FEEB46F-1C13-4AB4-89B0-0DFFF9371A31} = {6A6B98A5-04E1-49AE-A4EF-BF2EFE5F0983}
		{1F5B485B-BF68-4AEF-BB0A-2494D8D8EC00} = {107F0FD9-D227-4787-875D-18F684A76392}
		{E8B99CFB-D37E-4F7A-83E9-27CEA4BDA130} = {1F5B485B-BF68-4AEF-BB0A-2494D8D8EC00}
		{42D7129B-46D1-453D-ABED-DCB26319D5E1} = {1F5B485B-BF68-4AEF-BB0A-2494D8D8EC00}
		{F80B9DC1-8081-4CED-84CE-91C2E2D1AA63} = {7F4D2D62-A45B-4016-B057-0E5E9CC7E7DD}
		{1770AEB6-1F6D-4A41-A788-D954535FA0B8} = {7F4D2D62-A45B-4016-B057-0E5E9CC7E7DD}
		{A28AC5A7-72D5-4357-87A6-141EF0257297} = {1F5B485B-BF68-4AEF-BB0A-2494D8D8EC00}
	EndGlobalSection
	GlobalSection(ExtensibilityGlobals) = postSolution
		SolutionGuid = {97623132-A04F-4523-9D6C-0139C2DDFBFD}
	EndGlobalSection
EndGlobal
